
Microsoft Visual Studio Solution File, Format Version 12.00
# Visual Studio Version 16
VisualStudioVersion = 16.0.30330.147
MinimumVisualStudioVersion = 10.0.40219.1
Project("{FAE04EC0-301F-11D3-BF4B-00C04F79EFBC}") = "CoinConverter", "CoinConverter\CoinConverter.csproj", "{A071CE87-22A1-4E26-991B-AF1AF07E1B05}"
EndProject
Global
	GlobalSection(SolutionConfigurationPlatforms) = preSolution
		Debug|Any CPU = Debug|Any CPU
		Release|Any CPU = Release|Any CPU
	EndGlobalSection
	GlobalSection(ProjectConfigurationPlatforms) = postSolution
		{A071CE87-22A1-4E26-991B-AF1AF07E1B05}.Debug|Any CPU.ActiveCfg = Debug|Any CPU
		{A071CE87-22A1-4E26-991B-AF1AF07E1B05}.Debug|Any CPU.Build.0 = Debug|Any CPU
		{A071CE87-22A1-4E26-991B-AF1AF07E1B05}.Release|Any CPU.ActiveCfg = Release|Any CPU
		{A071CE87-22A1-4E26-991B-AF1AF07E1B05}.Release|Any CPU.Build.0 = Release|Any CPU
	EndGlobalSection
	GlobalSection(SolutionProperties) = preSolution
		HideSolutionNode = FALSE
	EndGlobalSection
	GlobalSection(ExtensibilityGlobals) = postSolution
		SolutionGuid = {1A4A9F74-AE4A-4422-A261-671AB1D0AA26}
	EndGlobalSection
EndGlobal
